
Microsoft Visual Studio Solution File, Format Version 12.00
# Visual Studio Version 16
VisualStudioVersion = 16.0.30804.86
MinimumVisualStudioVersion = 15.0.26124.0
Project("{9A19103F-16F7-4668-BE54-9A1E7A4F7556}") = "Tavern.Blazor", "Tavern.Blazor\Tavern.Blazor.csproj", "{2A3B7D8A-D05E-4A09-B044-464A2BC73F1D}"
EndProject
Project("{9A19103F-16F7-4668-BE54-9A1E7A4F7556}") = "Tavern.DataAccess", "Tavern.DataAccess\Tavern.DataAccess.csproj", "{7F08A70D-0DA4-455B-BC98-3376143DA1CB}"
EndProject
Project("{9A19103F-16F7-4668-BE54-9A1E7A4F7556}") = "Tavern.Domain", "Tavern.Domain\Tavern.Domain.csproj", "{3D72FFFB-E252-4E53-A448-F9A8627E3B35}"
EndProject
Global
	GlobalSection(SolutionConfigurationPlatforms) = preSolution
		Debug|Any CPU = Debug|Any CPU
		Debug|x64 = Debug|x64
		Debug|x86 = Debug|x86
		Release|Any CPU = Release|Any CPU
		Release|x64 = Release|x64
		Release|x86 = Release|x86
	EndGlobalSection
	GlobalSection(ProjectConfigurationPlatforms) = postSolution
		{2A3B7D8A-D05E-4A09-B044-464A2BC73F1D}.Debug|Any CPU.ActiveCfg = Debug|Any CPU
		{2A3B7D8A-D05E-4A09-B044-464A2BC73F1D}.Debug|Any CPU.Build.0 = Debug|Any CPU
		{2A3B7D8A-D05E-4A09-B044-464A2BC73F1D}.Debug|x64.ActiveCfg = Debug|Any CPU
		{2A3B7D8A-D05E-4A09-B044-464A2BC73F1D}.Debug|x64.Build.0 = Debug|Any CPU
		{2A3B7D8A-D05E-4A09-B044-464A2BC73F1D}.Debug|x86.ActiveCfg = Debug|Any CPU
		{2A3B7D8A-D05E-4A09-B044-464A2BC73F1D}.Debug|x86.Build.0 = Debug|Any CPU
		{2A3B7D8A-D05E-4A09-B044-464A2BC73F1D}.Release|Any CPU.ActiveCfg = Release|Any CPU
		{2A3B7D8A-D05E-4A09-B044-464A2BC73F1D}.Release|Any CPU.Build.0 = Release|Any CPU
		{2A3B7D8A-D05E-4A09-B044-464A2BC73F1D}.Release|x64.ActiveCfg = Release|Any CPU
		{2A3B7D8A-D05E-4A09-B044-464A2BC73F1D}.Release|x64.Build.0 = Release|Any CPU
		{2A3B7D8A-D05E-4A09-B044-464A2BC73F1D}.Release|x86.ActiveCfg = Release|Any CPU
		{2A3B7D8A-D05E-4A09-B044-464A2BC73F1D}.Release|x86.Build.0 = Release|Any CPU
		{7F08A70D-0DA4-455B-BC98-3376143DA1CB}.Debug|Any CPU.ActiveCfg = Debug|Any CPU
		{7F08A70D-0DA4-455B-BC98-3376143DA1CB}.Debug|Any CPU.Build.0 = Debug|Any CPU
		{7F08A70D-0DA4-455B-BC98-3376143DA1CB}.Debug|x64.ActiveCfg = Debug|Any CPU
		{7F08A70D-0DA4-455B-BC98-3376143DA1CB}.Debug|x64.Build.0 = Debug|Any CPU
		{7F08A70D-0DA4-455B-BC98-3376143DA1CB}.Debug|x86.ActiveCfg = Debug|Any CPU
		{7F08A70D-0DA4-455B-BC98-3376143DA1CB}.Debug|x86.Build.0 = Debug|Any CPU
		{7F08A70D-0DA4-455B-BC98-3376143DA1CB}.Release|Any CPU.ActiveCfg = Release|Any CPU
		{7F08A70D-0DA4-455B-BC98-3376143DA1CB}.Release|Any CPU.Build.0 = Release|Any CPU
		{7F08A70D-0DA4-455B-BC98-3376143DA1CB}.Release|x64.ActiveCfg = Release|Any CPU
		{7F08A70D-0DA4-455B-BC98-3376143DA1CB}.Release|x64.Build.0 = Release|Any CPU
		{7F08A70D-0DA4-455B-BC98-3376143DA1CB}.Release|x86.ActiveCfg = Release|Any CPU
		{7F08A70D-0DA4-455B-BC98-3376143DA1CB}.Release|x86.Build.0 = Release|Any CPU
		{3D72FFFB-E252-4E53-A448-F9A8627E3B35}.Debug|Any CPU.ActiveCfg = Debug|Any CPU
		{3D72FFFB-E252-4E53-A448-F9A8627E3B35}.Debug|Any CPU.Build.0 = Debug|Any CPU
		{3D72FFFB-E252-4E53-A448-F9A8627E3B35}.Debug|x64.ActiveCfg = Debug|Any CPU
		{3D72FFFB-E252-4E53-A448-F9A8627E3B35}.Debug|x64.Build.0 = Debug|Any CPU
		{3D72FFFB-E252-4E53-A448-F9A8627E3B35}.Debug|x86.ActiveCfg = Debug|Any CPU
		{3D72FFFB-E252-4E53-A448-F9A8627E3B35}.Debug|x86.Build.0 = Debug|Any CPU
		{3D72FFFB-E252-4E53-A448-F9A8627E3B35}.Release|Any CPU.ActiveCfg = Release|Any CPU
		{3D72FFFB-E252-4E53-A448-F9A8627E3B35}.Release|Any CPU.Build.0 = Release|Any CPU
		{3D72FFFB-E252-4E53-A448-F9A8627E3B35}.Release|x64.ActiveCfg = Release|Any CPU
		{3D72FFFB-E252-4E53-A448-F9A8627E3B35}.Release|x64.Build.0 = Release|Any CPU
		{3D72FFFB-E252-4E53-A448-F9A8627E3B35}.Release|x86.ActiveCfg = Release|Any CPU
		{3D72FFFB-E252-4E53-A448-F9A8627E3B35}.Release|x86.Build.0 = Release|Any CPU
	EndGlobalSection
	GlobalSection(SolutionProperties) = preSolution
		HideSolutionNode = FALSE
	EndGlobalSection
	GlobalSection(ExtensibilityGlobals) = postSolution
		SolutionGuid = {618D4189-630D-40B4-AB51-D45CB1B27AF2}
	EndGlobalSection
EndGlobal
